PODS:
  - JWHelperKit (1.1.3):
    - JWHelperKit/Base (= 1.1.3)
    - JWHelperKit/Navigation (= 1.1.3)
  - JWHelperKit/Base (1.1.3)
  - JWHelperKit/Navigation (1.1.3):
    - JWHelperKit/Base
  - SwiftLint (0.32.0)

DEPENDENCIES:
  - JWHelperKit (from `../`)
  - SwiftLint

SPEC REPOS:
  https://github.com/cocoapods/specs.git:
    - SwiftLint

EXTERNAL SOURCES:
  JWHelperKit:
    :path: "../"

SPEC CHECKSUMS:
  JWHelperKit: 9ecd6c548dd753477c34481b436ec28e9bf87243
  SwiftLint: 009a898ef2a1c851f45e1b59349bf6ff2ddc990d

PODFILE CHECKSUM: 380c8f894b6468f8c0b73e462f4b2150cc64f02a

COCOAPODS: 1.7.3
